// !$*UTF8*$!
{
	archiveVersion = 1;
	classes = {
	};
	objectVersion = 48;
	objects = {

/* Begin PBXBuildFile section */
		6A1063EE1F795B32002E7415 /* AppDelegate.swift in Sources */ = {isa = PBXBuildFile; fileRef = 6A1063ED1F795B32002E7415 /* AppDelegate.swift */; };
		6A1063F01F795B32002E7415 /* ViewController.swift in Sources */ = {isa = PBXBuildFile; fileRef = 6A1063EF1F795B32002E7415 /* ViewController.swift */; };
		6A1063F31F795B32002E7415 /* Main.storyboard in Resources */ = {isa = PBXBuildFile; fileRef = 6A1063F11F795B32002E7415 /* Main.storyboard */; };
		6A1063F51F795B32002E7415 /* Assets.xcassets in Resources */ = {isa = PBXBuildFile; fileRef = 6A1063F41F795B32002E7415 /* Assets.xcassets */; };
		6A1063F81F795B32002E7415 /* LaunchScreen.storyboard in Resources */ = {isa = PBXBuildFile; fileRef = 6A1063F61F795B32002E7415 /* LaunchScreen.storyboard */; };
		6A1064031F795B32002E7415 /* FormKitTests.swift in Sources */ = {isa = PBXBuildFile; fileRef = 6A1064021F795B32002E7415 /* FormKitTests.swift */; };
		6A10640E1F795B32002E7415 /* FormKitUITests.swift in Sources */ = {isa = PBXBuildFile; fileRef = 6A10640D1F795B32002E7415 /* FormKitUITests.swift */; };
/* End PBXBuildFile section */

/* Begin PBXContainerItemProxy section */
		6A1063FF1F795B32002E7415 /* PBXContainerItemProxy */ = {
			isa = PBXContainerItemProxy;
			containerPortal = 6A1063E21F795B32002E7415 /* Project object */;
			proxyType = 1;
			remoteGlobalIDString = 6A1063E91F795B32002E7415;
			remoteInfo = FormKit;
		};
		6A10640A1F795B32002E7415 /* PBXContainerItemProxy */ = {
			isa = PBXContainerItemProxy;
			containerPortal = 6A1063E21F795B32002E7415 /* Project object */;
			proxyType = 1;
			remoteGlobalIDString = 6A1063E91F795B32002E7415;
			remoteInfo = FormKit;
		};
/* End PBXContainerItemProxy section */

/* Begin PBXFileReference section */
		6A1063EA1F795B32002E7415 /* FormKit.app */ = {isa = PBXFileReference; explicitFileType = wrapper.application; includeInIndex = 0; path = FormKit.app; sourceTree = BUILT_PRODUCTS_DIR; };
		6A1063ED1F795B32002E7415 /* AppDelegate.swift */ = {isa = PBXFileReference; lastKnownFileType = sourcecode.swift; path = AppDelegate.swift; sourceTree = "<group>"; };
		6A1063EF1F795B32002E7415 /* ViewController.swift */ = {isa = PBXFileReference; lastKnownFileType = sourcecode.swift; path = ViewController.swift; sourceTree = "<group>"; };
		6A1063F21F795B32002E7415 /* Base */ = {isa = PBXFileReference; lastKnownFileType = file.storyboard; name = Base; path = Base.lproj/Main.storyboard; sourceTree = "<group>"; };
		6A1063F41F795B32002E7415 /* Assets.xcassets */ = {isa = PBXFileReference; lastKnownFileType = folder.assetcatalog; path = Assets.xcassets; sourceTree = "<group>"; };
		6A1063F71F795B32002E7415 /* Base */ = {isa = PBXFileReference; lastKnownFileType = file.storyboard; name = Base; path = Base.lproj/LaunchScreen.storyboard; sourceTree = "<group>"; };
		6A1063F91F795B32002E7415 /* Info.plist */ = {isa = PBXFileReference; lastKnownFileType = text.plist.xml; path = Info.plist; sourceTree = "<group>"; };
		6A1063FE1F795B32002E7415 /* FormKitTests.xctest */ = {isa = PBXFileReference; explicitFileType = wrapper.cfbundle; includeInIndex = 0; path = FormKitTests.xctest; sourceTree = BUILT_PRODUCTS_DIR; };
		6A1064021F795B32002E7415 /* FormKitTests.swift */ = {isa = PBXFileReference; lastKnownFileType = sourcecode.swift; path = FormKitTests.swift; sourceTree = "<group>"; };
		6A1064041F795B32002E7415 /* Info.plist */ = {isa = PBXFileReference; lastKnownFileType = text.plist.xml; path = Info.plist; sourceTree = "<group>"; };
		6A1064091F795B32002E7415 /* FormKitUITests.xctest */ = {isa = PBXFileReference; explicitFileType = wrapper.cfbundle; includeInIndex = 0; path = FormKitUITests.xctest; sourceTree = BUILT_PRODUCTS_DIR; };
		6A10640D1F795B32002E7415 /* FormKitUITests.swift */ = {isa = PBXFileReference; lastKnownFileType = sourcecode.swift; path = FormKitUITests.swift; sourceTree = "<group>"; };
		6A10640F1F795B32002E7415 /* Info.plist */ = {isa = PBXFileReference; lastKnownFileType = text.plist.xml; path = Info.plist; sourceTree = "<group>"; };
/* End PBXFileReference section */

/* Begin PBXFrameworksBuildPhase section */
		6A1063E71F795B32002E7415 /* Frameworks */ = {
			isa = PBXFrameworksBuildPhase;
			buildActionMask = 2147483647;
			files = (
			);
			runOnlyForDeploymentPostprocessing = 0;
		};
		6A1063FB1F795B32002E7415 /* Frameworks */ = {
			isa = PBXFrameworksBuildPhase;
			buildActionMask = 2147483647;
			files = (
			);
			runOnlyForDeploymentPostprocessing = 0;
		};
		6A1064061F795B32002E7415 /* Frameworks */ = {
			isa = PBXFrameworksBuildPhase;
			buildActionMask = 2147483647;
			files = (
			);
			runOnlyForDeploymentPostprocessing = 0;
		};
/* End PBXFrameworksBuildPhase section */

/* Begin PBXGroup section */
		6A1063E11F795B32002E7415 = {
			isa = PBXGroup;
			children = (
				6A1063EC1F795B32002E7415 /* FormKit */,
				6A1064011F795B32002E7415 /* FormKitTests */,
				6A10640C1F795B32002E7415 /* FormKitUITests */,
				6A1063EB1F795B32002E7415 /* Products */,
			);
			sourceTree = "<group>";
		};
		6A1063EB1F795B32002E7415 /* Products */ = {
			isa = PBXGroup;
			children = (
				6A1063EA1F795B32002E7415 /* FormKit.app */,
				6A1063FE1F795B32002E7415 /* FormKitTests.xctest */,
				6A1064091F795B32002E7415 /* FormKitUITests.xctest */,
			);
			name = Products;
			sourceTree = "<group>";
		};
		6A1063EC1F795B32002E7415 /* FormKit */ = {
			isa = PBXGroup;
			children = (
				6A1063ED1F795B32002E7415 /* AppDelegate.swift */,
				6A1063EF1F795B32002E7415 /* ViewController.swift */,
				6A1063F11F795B32002E7415 /* Main.storyboard */,
				6A1063F41F795B32002E7415 /* Assets.xcassets */,
				6A1063F61F795B32002E7415 /* LaunchScreen.storyboard */,
				6A1063F91F795B32002E7415 /* Info.plist */,
			);
			path = FormKit;
			sourceTree = "<group>";
		};
		6A1064011F795B32002E7415 /* FormKitTests */ = {
			isa = PBXGroup;
			children = (
				6A1064021F795B32002E7415 /* FormKitTests.swift */,
				6A1064041F795B32002E7415 /* Info.plist */,
			);
			path = FormKitTests;
			sourceTree = "<group>";
		};
		6A10640C1F795B32002E7415 /* FormKitUITests */ = {
			isa = PBXGroup;
			children = (
				6A10640D1F795B32002E7415 /* FormKitUITests.swift */,
				6A10640F1F795B32002E7415 /* Info.plist */,
			);
			path = FormKitUITests;
			sourceTree = "<group>";
		};
/* End PBXGroup section */

/* Begin PBXNativeTarget section */
		6A1063E91F795B32002E7415 /* FormKit */ = {
			isa = PBXNativeTarget;
			buildConfigurationList = 6A1064121F795B32002E7415 /* Build configuration list for PBXNativeTarget "FormKit" */;
			buildPhases = (
				6A1063E61F795B32002E7415 /* Sources */,
				6A1063E71F795B32002E7415 /* Frameworks */,
				6A1063E81F795B32002E7415 /* Resources */,
			);
			buildRules = (
			);
			dependencies = (
			);
			name = FormKit;
			productName = FormKit;
			productReference = 6A1063EA1F795B32002E7415 /* FormKit.app */;
			productType = "com.apple.product-type.application";
		};
		6A1063FD1F795B32002E7415 /* FormKitTests */ = {
			isa = PBXNativeTarget;
			buildConfigurationList = 6A1064151F795B32002E7415 /* Build configuration list for PBXNativeTarget "FormKitTests" */;
			buildPhases = (
				6A1063FA1F795B32002E7415 /* Sources */,
				6A1063FB1F795B32002E7415 /* Frameworks */,
				6A1063FC1F795B32002E7415 /* Resources */,
			);
			buildRules = (
			);
			dependencies = (
				6A1064001F795B32002E7415 /* PBXTargetDependency */,
			);
			name = FormKitTests;
			productName = FormKitTests;
			productReference = 6A1063FE1F795B32002E7415 /* FormKitTests.xctest */;
			productType = "com.apple.product-type.bundle.unit-test";
		};
		6A1064081F795B32002E7415 /* FormKitUITests */ = {
			isa = PBXNativeTarget;
			buildConfigurationList = 6A1064181F795B32002E7415 /* Build configuration list for PBXNativeTarget "FormKitUITests" */;
			buildPhases = (
				6A1064051F795B32002E7415 /* Sources */,
				6A1064061F795B32002E7415 /* Frameworks */,
				6A1064071F795B32002E7415 /* Resources */,
			);
			buildRules = (
			);
			dependencies = (
				6A10640B1F795B32002E7415 /* PBXTargetDependency */,
			);
			name = FormKitUITests;
			productName = FormKitUITests;
			productReference = 6A1064091F795B32002E7415 /* FormKitUITests.xctest */;
			productType = "com.apple.product-type.bundle.ui-testing";
		};
/* End PBXNativeTarget section */

/* Begin PBXProject section */
		6A1063E21F795B32002E7415 /* Project object */ = {
			isa = PBXProject;
			attributes = {
				LastSwiftUpdateCheck = 0900;
				LastUpgradeCheck = 0900;
				ORGANIZATIONNAME = "Michael Loistl";
				TargetAttributes = {
					6A1063E91F795B32002E7415 = {
						CreatedOnToolsVersion = 9.0;
						ProvisioningStyle = Automatic;
					};
					6A1063FD1F795B32002E7415 = {
						CreatedOnToolsVersion = 9.0;
						ProvisioningStyle = Automatic;
						TestTargetID = 6A1063E91F795B32002E7415;
					};
					6A1064081F795B32002E7415 = {
						CreatedOnToolsVersion = 9.0;
						ProvisioningStyle = Automatic;
						TestTargetID = 6A1063E91F795B32002E7415;
					};
				};
			};
			buildConfigurationList = 6A1063E51F795B32002E7415 /* Build configuration list for PBXProject "FormKit" */;
			compatibilityVersion = "Xcode 8.0";
			developmentRegion = en;
			hasScannedForEncodings = 0;
			knownRegions = (
				en,
				Base,
			);
			mainGroup = 6A1063E11F795B32002E7415;
			productRefGroup = 6A1063EB1F795B32002E7415 /* Products */;
			projectDirPath = "";
			projectRoot = "";
			targets = (
				6A1063E91F795B32002E7415 /* FormKit */,
				6A1063FD1F795B32002E7415 /* FormKitTests */,
				6A1064081F795B32002E7415 /* FormKitUITests */,
			);
		};
/* End PBXProject section */

/* Begin PBXResourcesBuildPhase section */
		6A1063E81F795B32002E7415 /* Resources */ = {
			isa = PBXResourcesBuildPhase;
			buildActionMask = 2147483647;
			files = (
				6A1063F81F795B32002E7415 /* LaunchScreen.storyboard in Resources */,
				6A1063F51F795B32002E7415 /* Assets.xcassets in Resources */,
				6A1063F31F795B32002E7415 /* Main.storyboard in Resources */,
			);
			runOnlyForDeploymentPostprocessing = 0;
		};
		6A1063FC1F795B32002E7415 /* Resources */ = {
			isa = PBXResourcesBuildPhase;
			buildActionMask = 2147483647;
			files = (
			);
			runOnlyForDeploymentPostprocessing = 0;
		};
		6A1064071F795B32002E7415 /* Resources */ = {
			isa = PBXResourcesBuildPhase;
			buildActionMask = 2147483647;
			files = (
			);
			runOnlyForDeploymentPostprocessing = 0;
		};
/* End PBXResourcesBuildPhase section */

/* Begin PBXSourcesBuildPhase section */
		6A1063E61F795B32002E7415 /* Sources */ = {
			isa = PBXSourcesBuildPhase;
			buildActionMask = 2147483647;
			files = (
				6A1063F01F795B32002E7415 /* ViewController.swift in Sources */,
				6A1063EE1F795B32002E7415 /* AppDelegate.swift in Sources */,
			);
			runOnlyForDeploymentPostprocessing = 0;
		};
		6A1063FA1F795B32002E7415 /* Sources */ = {
			isa = PBXSourcesBuildPhase;
			buildActionMask = 2147483647;
			files = (
				6A1064031F795B32002E7415 /* FormKitTests.swift in Sources */,
			);
			runOnlyForDeploymentPostprocessing = 0;
		};
		6A1064051F795B32002E7415 /* Sources */ = {
			isa = PBXSourcesBuildPhase;
			buildActionMask = 2147483647;
			files = (
				6A10640E1F795B32002E7415 /* FormKitUITests.swift in Sources */,
			);
			runOnlyForDeploymentPostprocessing = 0;
		};
/* End PBXSourcesBuildPhase section */

/* Begin PBXTargetDependency section */
		6A1064001F795B32002E7415 /* PBXTargetDependency */ = {
			isa = PBXTargetDependency;
			target = 6A1063E91F795B32002E7415 /* FormKit */;
			targetProxy = 6A1063FF1F795B32002E7415 /* PBXContainerItemProxy */;
		};
		6A10640B1F795B32002E7415 /* PBXTargetDependency */ = {
			isa = PBXTargetDependency;
			target = 6A1063E91F795B32002E7415 /* FormKit */;
			targetProxy = 6A10640A1F795B32002E7415 /* PBXContainerItemProxy */;
		};
/* End PBXTargetDependency section */

/* Begin PBXVariantGroup section */
		6A1063F11F795B32002E7415 /* Main.storyboard */ = {
			isa = PBXVariantGroup;
			children = (
				6A1063F21F795B32002E7415 /* Base */,
			);
			name = Main.storyboard;
			sourceTree = "<group>";
		};
		6A1063F61F795B32002E7415 /* LaunchScreen.storyboard */ = {
			isa = PBXVariantGroup;
			children = (
				6A1063F71F795B32002E7415 /* Base */,
			);
			name = LaunchScreen.storyboard;
			sourceTree = "<group>";
		};
/* End PBXVariantGroup section */

/* Begin XCBuildConfiguration section */
		6A1064101F795B32002E7415 /* Debug */ = {
			isa = XCBuildConfiguration;
			buildSettings = {
				ALWAYS_SEARCH_USER_PATHS = NO;
				CLANG_ANALYZER_NONNULL = YES;
				CLANG_ANALYZER_NUMBER_OBJECT_CONVERSION = YES_AGGRESSIVE;
				CLANG_CXX_LANGUAGE_STANDARD = "gnu++14";
				CLANG_CXX_LIBRARY = "libc++";
				CLANG_ENABLE_MODULES = YES;
				CLANG_ENABLE_OBJC_ARC = YES;
				CLANG_WARN_BLOCK_CAPTURE_AUTORELEASING = YES;
				CLANG_WARN_BOOL_CONVERSION = YES;
				CLANG_WARN_COMMA = YES;
				CLANG_WARN_CONSTANT_CONVERSION = YES;
				CLANG_WARN_DIRECT_OBJC_ISA_USAGE = YES_ERROR;
				CLANG_WARN_DOCUMENTATION_COMMENTS = YES;
				CLANG_WARN_EMPTY_BODY = YES;
				CLANG_WARN_ENUM_CONVERSION = YES;
				CLANG_WARN_INFINITE_RECURSION = YES;
				CLANG_WARN_INT_CONVERSION = YES;
				CLANG_WARN_NON_LITERAL_NULL_CONVERSION = YES;
				CLANG_WARN_OBJC_LITERAL_CONVERSION = YES;
				CLANG_WARN_OBJC_ROOT_CLASS = YES_ERROR;
				CLANG_WARN_RANGE_LOOP_ANALYSIS = YES;
				CLANG_WARN_STRICT_PROTOTYPES = YES;
				CLANG_WARN_SUSPICIOUS_MOVE = YES;
				CLANG_WARN_UNGUARDED_AVAILABILITY = YES_AGGRESSIVE;
				CLANG_WARN_UNREACHABLE_CODE = YES;
				CLANG_WARN__DUPLICATE_METHOD_MATCH = YES;
				CODE_SIGN_IDENTITY = "iPhone Developer";
				COPY_PHASE_STRIP = NO;
				DEBUG_INFORMATION_FORMAT = dwarf;
				ENABLE_STRICT_OBJC_MSGSEND = YES;
				ENABLE_TESTABILITY = YES;
				GCC_C_LANGUAGE_STANDARD = gnu11;
				GCC_DYNAMIC_NO_PIC = NO;
				GCC_NO_COMMON_BLOCKS = YES;
				GCC_OPTIMIZATION_LEVEL = 0;
				GCC_PREPROCESSOR_DEFINITIONS = (
					"DEBUG=1",
					"$(inherited)",
				);
				GCC_WARN_64_TO_32_BIT_CONVERSION = YES;
				GCC_WARN_ABOUT_RETURN_TYPE = YES_ERROR;
				GCC_WARN_UNDECLARED_SELECTOR = YES;
				GCC_WARN_UNINITIALIZED_AUTOS = YES_AGGRESSIVE;
				GCC_WARN_UNUSED_FUNCTION = YES;
				GCC_WARN_UNUSED_VARIABLE = YES;
				IPHONEOS_DEPLOYMENT_TARGET = 11.0;
				MTL_ENABLE_DEBUG_INFO = YES;
				ONLY_ACTIVE_ARCH = YES;
				SDKROOT = iphoneos;
				SWIFT_ACTIVE_COMPILATION_CONDITIONS = DEBUG;
				SWIFT_OPTIMIZATION_LEVEL = "-Onone";
			};
			name = Debug;
		};
		6A1064111F795B32002E7415 /* Release */ = {
			isa = XCBuildConfiguration;
			buildSettings = {
				ALWAYS_SEARCH_USER_PATHS = NO;
				CLANG_ANALYZER_NONNULL = YES;
				CLANG_ANALYZER_NUMBER_OBJECT_CONVERSION = YES_AGGRESSIVE;
				CLANG_CXX_LANGUAGE_STANDARD = "gnu++14";
				CLANG_CXX_LIBRARY = "libc++";
				CLANG_ENABLE_MODULES = YES;
				CLANG_ENABLE_OBJC_ARC = YES;
				CLANG_WARN_BLOCK_CAPTURE_AUTORELEASING = YES;
				CLANG_WARN_BOOL_CONVERSION = YES;
				CLANG_WARN_COMMA = YES;
				CLANG_WARN_CONSTANT_CONVERSION = YES;
				CLANG_WARN_DIRECT_OBJC_ISA_USAGE = YES_ERROR;
				CLANG_WARN_DOCUMENTATION_COMMENTS = YES;
				CLANG_WARN_EMPTY_BODY = YES;
				CLANG_WARN_ENUM_CONVERSION = YES;
				CLANG_WARN_INFINITE_RECURSION = YES;
				CLANG_WARN_INT_CONVERSION = YES;
				CLANG_WARN_NON_LITERAL_NULL_CONVERSION = YES;
				CLANG_WARN_OBJC_LITERAL_CONVERSION = YES;
				CLANG_WARN_OBJC_ROOT_CLASS = YES_ERROR;
				CLANG_WARN_RANGE_LOOP_ANALYSIS = YES;
				CLANG_WARN_STRICT_PROTOTYPES = YES;
				CLANG_WARN_SUSPICIOUS_MOVE = YES;
				CLANG_WARN_UNGUARDED_AVAILABILITY = YES_AGGRESSIVE;
				CLANG_WARN_UNREACHABLE_CODE = YES;
				CLANG_WARN__DUPLICATE_METHOD_MATCH = YES;
				CODE_SIGN_IDENTITY = "iPhone Developer";
				COPY_PHASE_STRIP = NO;
				DEBUG_INFORMATION_FORMAT = "dwarf-with-dsym";
				ENABLE_NS_ASSERTIONS = NO;
				ENABLE_STRICT_OBJC_MSGSEND = YES;
				GCC_C_LANGUAGE_STANDARD = gnu11;
				GCC_NO_COMMON_BLOCKS = YES;
				GCC_WARN_64_TO_32_BIT_CONVERSION = YES;
				GCC_WARN_ABOUT_RETURN_TYPE = YES_ERROR;
				GCC_WARN_UNDECLARED_SELECTOR = YES;
				GCC_WARN_UNINITIALIZED_AUTOS = YES_AGGRESSIVE;
				GCC_WARN_UNUSED_FUNCTION = YES;
				GCC_WARN_UNUSED_VARIABLE = YES;
				IPHONEOS_DEPLOYMENT_TARGET = 11.0;
				MTL_ENABLE_DEBUG_INFO = NO;
				SDKROOT = iphoneos;
				SWIFT_OPTIMIZATION_LEVEL = "-Owholemodule";
				VALIDATE_PRODUCT = YES;
			};
			name = Release;
		};
		6A1064131F795B32002E7415 /* Debug */ = {
			isa = XCBuildConfiguration;
			buildSettings = {
				ASSETCATALOG_COMPILER_APPICON_NAME = AppIcon;
				CODE_SIGN_STYLE = Automatic;
				DEVELOPMENT_TEAM = 52EDKXLXY5;
				INFOPLIST_FILE = FormKit/Info.plist;
				LD_RUNPATH_SEARCH_PATHS = "$(inherited) @executable_path/Frameworks";
				PRODUCT_BUNDLE_IDENTIFIER = io.aplo.FormKit;
				PRODUCT_NAME = "$(TARGET_NAME)";
				SWIFT_VERSION = 4.0;
				TARGETED_DEVICE_FAMILY = "1,2";
			};
			name = Debug;
		};
		6A1064141F795B32002E7415 /* Release */ = {
			isa = XCBuildConfiguration;
			buildSettings = {
				ASSETCATALOG_COMPILER_APPICON_NAME = AppIcon;
				CODE_SIGN_STYLE = Automatic;
				DEVELOPMENT_TEAM = 52EDKXLXY5;
				INFOPLIST_FILE = FormKit/Info.plist;
				LD_RUNPATH_SEARCH_PATHS = "$(inherited) @executable_path/Frameworks";
				PRODUCT_BUNDLE_IDENTIFIER = io.aplo.FormKit;
				PRODUCT_NAME = "$(TARGET_NAME)";
				SWIFT_VERSION = 4.0;
				TARGETED_DEVICE_FAMILY = "1,2";
			};
			name = Release;
		};
		6A1064161F795B32002E7415 /* Debug */ = {
			isa = XCBuildConfiguration;
			buildSettings = {
				ALWAYS_EMBED_SWIFT_STANDARD_LIBRARIES = YES;
				BUNDLE_LOADER = "$(TEST_HOST)";
				CODE_SIGN_STYLE = Automatic;
				DEVELOPMENT_TEAM = 52EDKXLXY5;
				INFOPLIST_FILE = FormKitTests/Info.plist;
				LD_RUNPATH_SEARCH_PATHS = "$(inherited) @executable_path/Frameworks @loader_path/Frameworks";
				PRODUCT_BUNDLE_IDENTIFIER = io.aplo.FormKitTests;
				PRODUCT_NAME = "$(TARGET_NAME)";
				SWIFT_VERSION = 4.0;
				TARGETED_DEVICE_FAMILY = "1,2";
				TEST_HOST = "$(BUILT_PRODUCTS_DIR)/FormKit.app/FormKit";
			};
			name = Debug;
		};
		6A1064171F795B32002E7415 /* Release */ = {
			isa = XCBuildConfiguration;
			buildSettings = {
				ALWAYS_EMBED_SWIFT_STANDARD_LIBRARIES = YES;
				BUNDLE_LOADER = "$(TEST_HOST)";
				CODE_SIGN_STYLE = Automatic;
				DEVELOPMENT_TEAM = 52EDKXLXY5;
				INFOPLIST_FILE = FormKitTests/Info.plist;
				LD_RUNPATH_SEARCH_PATHS = "$(inherited) @executable_path/Frameworks @loader_path/Frameworks";
				PRODUCT_BUNDLE_IDENTIFIER = io.aplo.FormKitTests;
				PRODUCT_NAME = "$(TARGET_NAME)";
				SWIFT_VERSION = 4.0;
				TARGETED_DEVICE_FAMILY = "1,2";
				TEST_HOST = "$(BUILT_PRODUCTS_DIR)/FormKit.app/FormKit";
			};
			name = Release;
		};
		6A1064191F795B32002E7415 /* Debug */ = {
			isa = XCBuildConfiguration;
			buildSettings = {
				ALWAYS_EMBED_SWIFT_STANDARD_LIBRARIES = YES;
				CODE_SIGN_STYLE = Automatic;
				DEVELOPMENT_TEAM = 52EDKXLXY5;
				INFOPLIST_FILE = FormKitUITests/Info.plist;
				LD_RUNPATH_SEARCH_PATHS = "$(inherited) @executable_path/Frameworks @loader_path/Frameworks";
				PRODUCT_BUNDLE_IDENTIFIER = io.aplo.FormKitUITests;
				PRODUCT_NAME = "$(TARGET_NAME)";
				SWIFT_VERSION = 4.0;
				TARGETED_DEVICE_FAMILY = "1,2";
				TEST_TARGET_NAME = FormKit;
			};
			name = Debug;
		};
		6A10641A1F795B32002E7415 /* Release */ = {
			isa = XCBuildConfiguration;
			buildSettings = {
				ALWAYS_EMBED_SWIFT_STANDARD_LIBRARIES = YES;
				CODE_SIGN_STYLE = Automatic;
				DEVELOPMENT_TEAM = 52EDKXLXY5;
				INFOPLIST_FILE = FormKitUITests/Info.plist;
				LD_RUNPATH_SEARCH_PATHS = "$(inherited) @executable_path/Frameworks @loader_path/Frameworks";
				PRODUCT_BUNDLE_IDENTIFIER = io.aplo.FormKitUITests;
				PRODUCT_NAME = "$(TARGET_NAME)";
				SWIFT_VERSION = 4.0;
				TARGETED_DEVICE_FAMILY = "1,2";
				TEST_TARGET_NAME = FormKit;
			};
			name = Release;
		};
/* End XCBuildConfiguration section */

/* Begin XCConfigurationList section */
		6A1063E51F795B32002E7415 /* Build configuration list for PBXProject "FormKit" */ = {
			isa = XCConfigurationList;
			buildConfigurations = (
				6A1064101F795B32002E7415 /* Debug */,
				6A1064111F795B32002E7415 /* Release */,
			);
			defaultConfigurationIsVisible = 0;
			defaultConfigurationName = Release;
		};
		6A1064121F795B32002E7415 /* Build configuration list for PBXNativeTarget "FormKit" */ = {
			isa = XCConfigurationList;
			buildConfigurations = (
				6A1064131F795B32002E7415 /* Debug */,
				6A1064141F795B32002E7415 /* Release */,
			);
			defaultConfigurationIsVisible = 0;
			defaultConfigurationName = Release;
		};
		6A1064151F795B32002E7415 /* Build configuration list for PBXNativeTarget "FormKitTests" */ = {
			isa = XCConfigurationList;
			buildConfigurations = (
				6A1064161F795B32002E7415 /* Debug */,
				6A1064171F795B32002E7415 /* Release */,
			);
			defaultConfigurationIsVisible = 0;
			defaultConfigurationName = Release;
		};
		6A1064181F795B32002E7415 /* Build configuration list for PBXNativeTarget "FormKitUITests" */ = {
			isa = XCConfigurationList;
			buildConfigurations = (
				6A1064191F795B32002E7415 /* Debug */,
				6A10641A1F795B32002E7415 /* Release */,
			);
			defaultConfigurationIsVisible = 0;
			defaultConfigurationName = Release;
		};
/* End XCConfigurationList section */
	};
	rootObject = 6A1063E21F795B32002E7415 /* Project object */;
}
